
Microsoft Visual Studio Solution File, Format Version 12.00
# Visual Studio Version 16
VisualStudioVersion = 16.0.28803.352
MinimumVisualStudioVersion = 10.0.40219.1
Project("{9A19103F-16F7-4668-BE54-9A1E7A4F7556}") = "JBA", "JBA.csproj", "{01333727-C39D-4573-8C1B-F91F97825C6E}"
EndProject
Global
	GlobalSection(SolutionConfigurationPlatforms) = preSolution
		Debug|Any CPU = Debug|Any CPU
		Release|Any CPU = Release|Any CPU
	EndGlobalSection
	GlobalSection(ProjectConfigurationPlatforms) = postSolution
		{01333727-C39D-4573-8C1B-F91F97825C6E}.Debug|Any CPU.ActiveCfg = Debug|Any CPU
		{01333727-C39D-4573-8C1B-F91F97825C6E}.Debug|Any CPU.Build.0 = Debug|Any CPU
		{01333727-C39D-4573-8C1B-F91F97825C6E}.Release|Any CPU.ActiveCfg = Release|Any CPU
		{01333727-C39D-4573-8C1B-F91F97825C6E}.Release|Any CPU.Build.0 = Release|Any CPU
	EndGlobalSection
	GlobalSection(SolutionProperties) = preSolution
		HideSolutionNode = FALSE
	EndGlobalSection
	GlobalSection(ExtensibilityGlobals) = postSolution
		SolutionGuid = {0AAB602D-303F-4B9F-9AF2-FDFE2AE10197}
	EndGlobalSection
EndGlobal
